
Microsoft Visual Studio Solution File, Format Version 12.00
Project("{FAE04EC0-301F-11D3-BF4B-00C04F79EFBC}") = "SuperCalculator.Api", "SuperCalculator.Api\SuperCalculator.Api.csproj", "{63DD1F6C-4A11-4A46-B324-6A3BAC2252D9}"
EndProject
Project("{FAE04EC0-301F-11D3-BF4B-00C04F79EFBC}") = "SuperCalculator.Application", "SuperCalculator.Application\SuperCalculator.Application.csproj", "{34C495BA-8F85-4DE6-9160-E007DD43F1B7}"
EndProject
Project("{FAE04EC0-301F-11D3-BF4B-00C04F79EFBC}") = "SuperCalculator.Application.Tests", "SuperCalculator.Application.Tests\SuperCalculator.Application.Tests.csproj", "{6FA0D61D-790A-4AA9-8345-8D434462E80C}"
EndProject
Project("{FAE04EC0-301F-11D3-BF4B-00C04F79EFBC}") = "SuperCalculator.Api.Tests", "SuperCalculator.Api.Tests\SuperCalculator.Api.Tests.csproj", "{D59658C5-6F61-49E4-A214-5654F5AF46B4}"
EndProject
Global
	GlobalSection(SolutionConfigurationPlatforms) = preSolution
		Debug|Any CPU = Debug|Any CPU
		Release|Any CPU = Release|Any CPU
	EndGlobalSection
	GlobalSection(ProjectConfigurationPlatforms) = postSolution
		{63DD1F6C-4A11-4A46-B324-6A3BAC2252D9}.Debug|Any CPU.ActiveCfg = Debug|Any CPU
		{63DD1F6C-4A11-4A46-B324-6A3BAC2252D9}.Debug|Any CPU.Build.0 = Debug|Any CPU
		{63DD1F6C-4A11-4A46-B324-6A3BAC2252D9}.Release|Any CPU.ActiveCfg = Release|Any CPU
		{63DD1F6C-4A11-4A46-B324-6A3BAC2252D9}.Release|Any CPU.Build.0 = Release|Any CPU
		{34C495BA-8F85-4DE6-9160-E007DD43F1B7}.Debug|Any CPU.ActiveCfg = Debug|Any CPU
		{34C495BA-8F85-4DE6-9160-E007DD43F1B7}.Debug|Any CPU.Build.0 = Debug|Any CPU
		{34C495BA-8F85-4DE6-9160-E007DD43F1B7}.Release|Any CPU.ActiveCfg = Release|Any CPU
		{34C495BA-8F85-4DE6-9160-E007DD43F1B7}.Release|Any CPU.Build.0 = Release|Any CPU
		{6FA0D61D-790A-4AA9-8345-8D434462E80C}.Debug|Any CPU.ActiveCfg = Debug|Any CPU
		{6FA0D61D-790A-4AA9-8345-8D434462E80C}.Debug|Any CPU.Build.0 = Debug|Any CPU
		{6FA0D61D-790A-4AA9-8345-8D434462E80C}.Release|Any CPU.ActiveCfg = Release|Any CPU
		{6FA0D61D-790A-4AA9-8345-8D434462E80C}.Release|Any CPU.Build.0 = Release|Any CPU
		{D59658C5-6F61-49E4-A214-5654F5AF46B4}.Debug|Any CPU.ActiveCfg = Debug|Any CPU
		{D59658C5-6F61-49E4-A214-5654F5AF46B4}.Debug|Any CPU.Build.0 = Debug|Any CPU
		{D59658C5-6F61-49E4-A214-5654F5AF46B4}.Release|Any CPU.ActiveCfg = Release|Any CPU
		{D59658C5-6F61-49E4-A214-5654F5AF46B4}.Release|Any CPU.Build.0 = Release|Any CPU
	EndGlobalSection
EndGlobal
